
Microsoft Visual Studio Solution File, Format Version 12.00
# Visual Studio 15
VisualStudioVersion = 15.0.27130.2027
MinimumVisualStudioVersion = 10.0.40219.1
Project("{888888A0-9F3D-457C-B088-3A5042F75D52}") = "fibonacci", "fibonacci\fibonacci.pyproj", "{86994946-77BC-4665-A1A6-96A37603D727}"
EndProject
Global
	GlobalSection(SolutionConfigurationPlatforms) = preSolution
		Debug|Any CPU = Debug|Any CPU
		Release|Any CPU = Release|Any CPU
	EndGlobalSection
	GlobalSection(ProjectConfigurationPlatforms) = postSolution
		{86994946-77BC-4665-A1A6-96A37603D727}.Debug|Any CPU.ActiveCfg = Debug|Any CPU
		{86994946-77BC-4665-A1A6-96A37603D727}.Release|Any CPU.ActiveCfg = Release|Any CPU
	EndGlobalSection
	GlobalSection(SolutionProperties) = preSolution
		HideSolutionNode = FALSE
	EndGlobalSection
	GlobalSection(ExtensibilityGlobals) = postSolution
		SolutionGuid = {8B0B415E-D140-416B-A751-749D47C00E9E}
	EndGlobalSection
EndGlobal
