
Microsoft Visual Studio Solution File, Format Version 12.00
# Visual Studio 15
VisualStudioVersion = 15.0.27130.2027
MinimumVisualStudioVersion = 10.0.40219.1
Project("{888888A0-9F3D-457C-B088-3A5042F75D52}") = "deneme", "deneme\deneme.pyproj", "{B88696C0-429C-42B4-A4E9-5225B2B98AD9}"
EndProject
Global
	GlobalSection(SolutionConfigurationPlatforms) = preSolution
		Debug|Any CPU = Debug|Any CPU
		Release|Any CPU = Release|Any CPU
	EndGlobalSection
	GlobalSection(ProjectConfigurationPlatforms) = postSolution
		{B88696C0-429C-42B4-A4E9-5225B2B98AD9}.Debug|Any CPU.ActiveCfg = Debug|Any CPU
		{B88696C0-429C-42B4-A4E9-5225B2B98AD9}.Release|Any CPU.ActiveCfg = Release|Any CPU
	EndGlobalSection
	GlobalSection(SolutionProperties) = preSolution
		HideSolutionNode = FALSE
	EndGlobalSection
	GlobalSection(ExtensibilityGlobals) = postSolution
		SolutionGuid = {2B1DB3DD-7883-4C70-A846-CD0A147D940B}
	EndGlobalSection
EndGlobal
